
Microsoft Visual Studio Solution File, Format Version 12.00
# Visual Studio Version 16
VisualStudioVersion = 16.0.29318.209
MinimumVisualStudioVersion = 10.0.40219.1
Project("{FAE04EC0-301F-11D3-BF4B-00C04F79EFBC}") = "Task10", "Task10\Task10.csproj", "{EFBCAFE7-8954-4B5D-A62A-133DFDA2B79C}"
EndProject
Project("{FAE04EC0-301F-11D3-BF4B-00C04F79EFBC}") = "UnitTestProject1", "UnitTestProject1\UnitTestProject1.csproj", "{C6B64222-64A5-455B-A5A2-5CF9E451DD27}"
EndProject
Global
	GlobalSection(SolutionConfigurationPlatforms) = preSolution
		Debug|Any CPU = Debug|Any CPU
		Release|Any CPU = Release|Any CPU
	EndGlobalSection
	GlobalSection(ProjectConfigurationPlatforms) = postSolution
		{EFBCAFE7-8954-4B5D-A62A-133DFDA2B79C}.Debug|Any CPU.ActiveCfg = Debug|Any CPU
		{EFBCAFE7-8954-4B5D-A62A-133DFDA2B79C}.Debug|Any CPU.Build.0 = Debug|Any CPU
		{EFBCAFE7-8954-4B5D-A62A-133DFDA2B79C}.Release|Any CPU.ActiveCfg = Release|Any CPU
		{EFBCAFE7-8954-4B5D-A62A-133DFDA2B79C}.Release|Any CPU.Build.0 = Release|Any CPU
		{C6B64222-64A5-455B-A5A2-5CF9E451DD27}.Debug|Any CPU.ActiveCfg = Debug|Any CPU
		{C6B64222-64A5-455B-A5A2-5CF9E451DD27}.Debug|Any CPU.Build.0 = Debug|Any CPU
		{C6B64222-64A5-455B-A5A2-5CF9E451DD27}.Release|Any CPU.ActiveCfg = Release|Any CPU
		{C6B64222-64A5-455B-A5A2-5CF9E451DD27}.Release|Any CPU.Build.0 = Release|Any CPU
	EndGlobalSection
	GlobalSection(SolutionProperties) = preSolution
		HideSolutionNode = FALSE
	EndGlobalSection
	GlobalSection(ExtensibilityGlobals) = postSolution
		SolutionGuid = {AC5D3553-F134-4184-A8CE-E96660675253}
	EndGlobalSection
EndGlobal
