
Microsoft Visual Studio Solution File, Format Version 12.00
# Visual Studio Version 16
VisualStudioVersion = 16.0.29318.209
MinimumVisualStudioVersion = 10.0.40219.1
Project("{FAE04EC0-301F-11D3-BF4B-00C04F79EFBC}") = "Task6", "Task6\Task6.csproj", "{E688D664-4FBC-4A45-922B-CEBA71ABD9D1}"
EndProject
Project("{FAE04EC0-301F-11D3-BF4B-00C04F79EFBC}") = "UnitTestProject1", "UnitTestProject1\UnitTestProject1.csproj", "{DAE87497-968D-4B24-B239-3AE48A4BF109}"
EndProject
Global
	GlobalSection(SolutionConfigurationPlatforms) = preSolution
		Debug|Any CPU = Debug|Any CPU
		Release|Any CPU = Release|Any CPU
	EndGlobalSection
	GlobalSection(ProjectConfigurationPlatforms) = postSolution
		{E688D664-4FBC-4A45-922B-CEBA71ABD9D1}.Debug|Any CPU.ActiveCfg = Debug|Any CPU
		{E688D664-4FBC-4A45-922B-CEBA71ABD9D1}.Debug|Any CPU.Build.0 = Debug|Any CPU
		{E688D664-4FBC-4A45-922B-CEBA71ABD9D1}.Release|Any CPU.ActiveCfg = Release|Any CPU
		{E688D664-4FBC-4A45-922B-CEBA71ABD9D1}.Release|Any CPU.Build.0 = Release|Any CPU
		{DAE87497-968D-4B24-B239-3AE48A4BF109}.Debug|Any CPU.ActiveCfg = Debug|Any CPU
		{DAE87497-968D-4B24-B239-3AE48A4BF109}.Debug|Any CPU.Build.0 = Debug|Any CPU
		{DAE87497-968D-4B24-B239-3AE48A4BF109}.Release|Any CPU.ActiveCfg = Release|Any CPU
		{DAE87497-968D-4B24-B239-3AE48A4BF109}.Release|Any CPU.Build.0 = Release|Any CPU
	EndGlobalSection
	GlobalSection(SolutionProperties) = preSolution
		HideSolutionNode = FALSE
	EndGlobalSection
	GlobalSection(ExtensibilityGlobals) = postSolution
		SolutionGuid = {6C6526E9-36BC-4F2C-A3C2-E46192185913}
	EndGlobalSection
EndGlobal
